
Microsoft Visual Studio Solution File, Format Version 12.00
# Visual Studio 2012
Project("{FAE04EC0-301F-11D3-BF4B-00C04F79EFBC}") = "DiplomGUI", "DiplomGUI\DiplomGUI.csproj", "{DBFF7857-F381-4F4E-8E91-BAFB682B62BD}"
EndProject
Global
	GlobalSection(SolutionConfigurationPlatforms) = preSolution
		Debug|Any CPU = Debug|Any CPU
		Release|Any CPU = Release|Any CPU
	EndGlobalSection
	GlobalSection(ProjectConfigurationPlatforms) = postSolution
		{DBFF7857-F381-4F4E-8E91-BAFB682B62BD}.Debug|Any CPU.ActiveCfg = Debug|Any CPU
		{DBFF7857-F381-4F4E-8E91-BAFB682B62BD}.Debug|Any CPU.Build.0 = Debug|Any CPU
		{DBFF7857-F381-4F4E-8E91-BAFB682B62BD}.Release|Any CPU.ActiveCfg = Release|Any CPU
		{DBFF7857-F381-4F4E-8E91-BAFB682B62BD}.Release|Any CPU.Build.0 = Release|Any CPU
	EndGlobalSection
	GlobalSection(SolutionProperties) = preSolution
		HideSolutionNode = FALSE
	EndGlobalSection
EndGlobal
